// !$*UTF8*$!
{
	archiveVersion = 1;
	classes = {
	};
	objectVersion = 50;
	objects = {

/* Begin PBXBuildFile section */
		21A1993826B1A85500779A17 /* AppDelegate.swift in Sources */ = {isa = PBXBuildFile; fileRef = 21A1993726B1A85500779A17 /* AppDelegate.swift */; };
		21A1993A26B1A85500779A17 /* SceneDelegate.swift in Sources */ = {isa = PBXBuildFile; fileRef = 21A1993926B1A85500779A17 /* SceneDelegate.swift */; };
		21A1993C26B1A85500779A17 /* ViewController.swift in Sources */ = {isa = PBXBuildFile; fileRef = 21A1993B26B1A85500779A17 /* ViewController.swift */; };
		21A1993F26B1A85500779A17 /* Main.storyboard in Resources */ = {isa = PBXBuildFile; fileRef = 21A1993D26B1A85500779A17 /* Main.storyboard */; };
		21A1994226B1A85500779A17 /* StoryBoardObjectLibrary.xcdatamodeld in Sources */ = {isa = PBXBuildFile; fileRef = 21A1994026B1A85500779A17 /* StoryBoardObjectLibrary.xcdatamodeld */; };
		21A1994426B1A85F00779A17 /* Assets.xcassets in Resources */ = {isa = PBXBuildFile; fileRef = 21A1994326B1A85F00779A17 /* Assets.xcassets */; };
		21A1994726B1A85F00779A17 /* LaunchScreen.storyboard in Resources */ = {isa = PBXBuildFile; fileRef = 21A1994526B1A85F00779A17 /* LaunchScreen.storyboard */; };
		21A1995226B1A85F00779A17 /* StoryBoardObjectLibraryTests.swift in Sources */ = {isa = PBXBuildFile; fileRef = 21A1995126B1A85F00779A17 /* StoryBoardObjectLibraryTests.swift */; };
		21A1995D26B1A85F00779A17 /* StoryBoardObjectLibraryUITests.swift in Sources */ = {isa = PBXBuildFile; fileRef = 21A1995C26B1A85F00779A17 /* StoryBoardObjectLibraryUITests.swift */; };
/* End PBXBuildFile section */

/* Begin PBXContainerItemProxy section */
		21A1994E26B1A85F00779A17 /* PBXContainerItemProxy */ = {
			isa = PBXContainerItemProxy;
			containerPortal = 21A1992C26B1A85500779A17 /* Project object */;
			proxyType = 1;
			remoteGlobalIDString = 21A1993326B1A85500779A17;
			remoteInfo = StoryBoardObjectLibrary;
		};
		21A1995926B1A85F00779A17 /* PBXContainerItemProxy */ = {
			isa = PBXContainerItemProxy;
			containerPortal = 21A1992C26B1A85500779A17 /* Project object */;
			proxyType = 1;
			remoteGlobalIDString = 21A1993326B1A85500779A17;
			remoteInfo = StoryBoardObjectLibrary;
		};
/* End PBXContainerItemProxy section */

/* Begin PBXFileReference section */
		21A1993426B1A85500779A17 /* StoryBoardObjectLibrary.app */ = {isa = PBXFileReference; explicitFileType = wrapper.application; includeInIndex = 0; path = StoryBoardObjectLibrary.app; sourceTree = BUILT_PRODUCTS_DIR; };
		21A1993726B1A85500779A17 /* AppDelegate.swift */ = {isa = PBXFileReference; lastKnownFileType = sourcecode.swift; path = AppDelegate.swift; sourceTree = "<group>"; };
		21A1993926B1A85500779A17 /* SceneDelegate.swift */ = {isa = PBXFileReference; lastKnownFileType = sourcecode.swift; path = SceneDelegate.swift; sourceTree = "<group>"; };
		21A1993B26B1A85500779A17 /* ViewController.swift */ = {isa = PBXFileReference; lastKnownFileType = sourcecode.swift; path = ViewController.swift; sourceTree = "<group>"; };
		21A1993E26B1A85500779A17 /* Base */ = {isa = PBXFileReference; lastKnownFileType = file.storyboard; name = Base; path = Base.lproj/Main.storyboard; sourceTree = "<group>"; };
		21A1994126B1A85500779A17 /* StoryBoardObjectLibrary.xcdatamodel */ = {isa = PBXFileReference; lastKnownFileType = wrapper.xcdatamodel; path = StoryBoardObjectLibrary.xcdatamodel; sourceTree = "<group>"; };
		21A1994326B1A85F00779A17 /* Assets.xcassets */ = {isa = PBXFileReference; lastKnownFileType = folder.assetcatalog; path = Assets.xcassets; sourceTree = "<group>"; };
		21A1994626B1A85F00779A17 /* Base */ = {isa = PBXFileReference; lastKnownFileType = file.storyboard; name = Base; path = Base.lproj/LaunchScreen.storyboard; sourceTree = "<group>"; };
		21A1994826B1A85F00779A17 /* Info.plist */ = {isa = PBXFileReference; lastKnownFileType = text.plist.xml; path = Info.plist; sourceTree = "<group>"; };
		21A1994D26B1A85F00779A17 /* StoryBoardObjectLibraryTests.xctest */ = {isa = PBXFileReference; explicitFileType = wrapper.cfbundle; includeInIndex = 0; path = StoryBoardObjectLibraryTests.xctest; sourceTree = BUILT_PRODUCTS_DIR; };
		21A1995126B1A85F00779A17 /* StoryBoardObjectLibraryTests.swift */ = {isa = PBXFileReference; lastKnownFileType = sourcecode.swift; path = StoryBoardObjectLibraryTests.swift; sourceTree = "<group>"; };
		21A1995326B1A85F00779A17 /* Info.plist */ = {isa = PBXFileReference; lastKnownFileType = text.plist.xml; path = Info.plist; sourceTree = "<group>"; };
		21A1995826B1A85F00779A17 /* StoryBoardObjectLibraryUITests.xctest */ = {isa = PBXFileReference; explicitFileType = wrapper.cfbundle; includeInIndex = 0; path = StoryBoardObjectLibraryUITests.xctest; sourceTree = BUILT_PRODUCTS_DIR; };
		21A1995C26B1A85F00779A17 /* StoryBoardObjectLibraryUITests.swift */ = {isa = PBXFileReference; lastKnownFileType = sourcecode.swift; path = StoryBoardObjectLibraryUITests.swift; sourceTree = "<group>"; };
		21A1995E26B1A85F00779A17 /* Info.plist */ = {isa = PBXFileReference; lastKnownFileType = text.plist.xml; path = Info.plist; sourceTree = "<group>"; };
/* End PBXFileReference section */

/* Begin PBXFrameworksBuildPhase section */
		21A1993126B1A85500779A17 /* Frameworks */ = {
			isa = PBXFrameworksBuildPhase;
			buildActionMask = 2147483647;
			files = (
			);
			runOnlyForDeploymentPostprocessing = 0;
		};
		21A1994A26B1A85F00779A17 /* Frameworks */ = {
			isa = PBXFrameworksBuildPhase;
			buildActionMask = 2147483647;
			files = (
			);
			runOnlyForDeploymentPostprocessing = 0;
		};
		21A1995526B1A85F00779A17 /* Frameworks */ = {
			isa = PBXFrameworksBuildPhase;
			buildActionMask = 2147483647;
			files = (
			);
			runOnlyForDeploymentPostprocessing = 0;
		};
/* End PBXFrameworksBuildPhase section */

/* Begin PBXGroup section */
		21A1992B26B1A85500779A17 = {
			isa = PBXGroup;
			children = (
				21A1993626B1A85500779A17 /* StoryBoardObjectLibrary */,
				21A1995026B1A85F00779A17 /* StoryBoardObjectLibraryTests */,
				21A1995B26B1A85F00779A17 /* StoryBoardObjectLibraryUITests */,
				21A1993526B1A85500779A17 /* Products */,
			);
			sourceTree = "<group>";
		};
		21A1993526B1A85500779A17 /* Products */ = {
			isa = PBXGroup;
			children = (
				21A1993426B1A85500779A17 /* StoryBoardObjectLibrary.app */,
				21A1994D26B1A85F00779A17 /* StoryBoardObjectLibraryTests.xctest */,
				21A1995826B1A85F00779A17 /* StoryBoardObjectLibraryUITests.xctest */,
			);
			name = Products;
			sourceTree = "<group>";
		};
		21A1993626B1A85500779A17 /* StoryBoardObjectLibrary */ = {
			isa = PBXGroup;
			children = (
				21A1993726B1A85500779A17 /* AppDelegate.swift */,
				21A1993926B1A85500779A17 /* SceneDelegate.swift */,
				21A1993B26B1A85500779A17 /* ViewController.swift */,
				21A1993D26B1A85500779A17 /* Main.storyboard */,
				21A1994326B1A85F00779A17 /* Assets.xcassets */,
				21A1994526B1A85F00779A17 /* LaunchScreen.storyboard */,
				21A1994826B1A85F00779A17 /* Info.plist */,
				21A1994026B1A85500779A17 /* StoryBoardObjectLibrary.xcdatamodeld */,
			);
			path = StoryBoardObjectLibrary;
			sourceTree = "<group>";
		};
		21A1995026B1A85F00779A17 /* StoryBoardObjectLibraryTests */ = {
			isa = PBXGroup;
			children = (
				21A1995126B1A85F00779A17 /* StoryBoardObjectLibraryTests.swift */,
				21A1995326B1A85F00779A17 /* Info.plist */,
			);
			path = StoryBoardObjectLibraryTests;
			sourceTree = "<group>";
		};
		21A1995B26B1A85F00779A17 /* StoryBoardObjectLibraryUITests */ = {
			isa = PBXGroup;
			children = (
				21A1995C26B1A85F00779A17 /* StoryBoardObjectLibraryUITests.swift */,
				21A1995E26B1A85F00779A17 /* Info.plist */,
			);
			path = StoryBoardObjectLibraryUITests;
			sourceTree = "<group>";
		};
/* End PBXGroup section */

/* Begin PBXNativeTarget section */
		21A1993326B1A85500779A17 /* StoryBoardObjectLibrary */ = {
			isa = PBXNativeTarget;
			buildConfigurationList = 21A1996126B1A85F00779A17 /* Build configuration list for PBXNativeTarget "StoryBoardObjectLibrary" */;
			buildPhases = (
				21A1993026B1A85500779A17 /* Sources */,
				21A1993126B1A85500779A17 /* Frameworks */,
				21A1993226B1A85500779A17 /* Resources */,
			);
			buildRules = (
			);
			dependencies = (
			);
			name = StoryBoardObjectLibrary;
			productName = StoryBoardObjectLibrary;
			productReference = 21A1993426B1A85500779A17 /* StoryBoardObjectLibrary.app */;
			productType = "com.apple.product-type.application";
		};
		21A1994C26B1A85F00779A17 /* StoryBoardObjectLibraryTests */ = {
			isa = PBXNativeTarget;
			buildConfigurationList = 21A1996426B1A85F00779A17 /* Build configuration list for PBXNativeTarget "StoryBoardObjectLibraryTests" */;
			buildPhases = (
				21A1994926B1A85F00779A17 /* Sources */,
				21A1994A26B1A85F00779A17 /* Frameworks */,
				21A1994B26B1A85F00779A17 /* Resources */,
			);
			buildRules = (
			);
			dependencies = (
				21A1994F26B1A85F00779A17 /* PBXTargetDependency */,
			);
			name = StoryBoardObjectLibraryTests;
			productName = StoryBoardObjectLibraryTests;
			productReference = 21A1994D26B1A85F00779A17 /* StoryBoardObjectLibraryTests.xctest */;
			productType = "com.apple.product-type.bundle.unit-test";
		};
		21A1995726B1A85F00779A17 /* StoryBoardObjectLibraryUITests */ = {
			isa = PBXNativeTarget;
			buildConfigurationList = 21A1996726B1A85F00779A17 /* Build configuration list for PBXNativeTarget "StoryBoardObjectLibraryUITests" */;
			buildPhases = (
				21A1995426B1A85F00779A17 /* Sources */,
				21A1995526B1A85F00779A17 /* Frameworks */,
				21A1995626B1A85F00779A17 /* Resources */,
			);
			buildRules = (
			);
			dependencies = (
				21A1995A26B1A85F00779A17 /* PBXTargetDependency */,
			);
			name = StoryBoardObjectLibraryUITests;
			productName = StoryBoardObjectLibraryUITests;
			productReference = 21A1995826B1A85F00779A17 /* StoryBoardObjectLibraryUITests.xctest */;
			productType = "com.apple.product-type.bundle.ui-testing";
		};
/* End PBXNativeTarget section */

/* Begin PBXProject section */
		21A1992C26B1A85500779A17 /* Project object */ = {
			isa = PBXProject;
			attributes = {
				LastSwiftUpdateCheck = 1240;
				LastUpgradeCheck = 1240;
				TargetAttributes = {
					21A1993326B1A85500779A17 = {
						CreatedOnToolsVersion = 12.4;
					};
					21A1994C26B1A85F00779A17 = {
						CreatedOnToolsVersion = 12.4;
						TestTargetID = 21A1993326B1A85500779A17;
					};
					21A1995726B1A85F00779A17 = {
						CreatedOnToolsVersion = 12.4;
						TestTargetID = 21A1993326B1A85500779A17;
					};
				};
			};
			buildConfigurationList = 21A1992F26B1A85500779A17 /* Build configuration list for PBXProject "StoryBoardObjectLibrary" */;
			compatibilityVersion = "Xcode 9.3";
			developmentRegion = en;
			hasScannedForEncodings = 0;
			knownRegions = (
				en,
				Base,
			);
			mainGroup = 21A1992B26B1A85500779A17;
			productRefGroup = 21A1993526B1A85500779A17 /* Products */;
			projectDirPath = "";
			projectRoot = "";
			targets = (
				21A1993326B1A85500779A17 /* StoryBoardObjectLibrary */,
				21A1994C26B1A85F00779A17 /* StoryBoardObjectLibraryTests */,
				21A1995726B1A85F00779A17 /* StoryBoardObjectLibraryUITests */,
			);
		};
/* End PBXProject section */

/* Begin PBXResourcesBuildPhase section */
		21A1993226B1A85500779A17 /* Resources */ = {
			isa = PBXResourcesBuildPhase;
			buildActionMask = 2147483647;
			files = (
				21A1994726B1A85F00779A17 /* LaunchScreen.storyboard in Resources */,
				21A1994426B1A85F00779A17 /* Assets.xcassets in Resources */,
				21A1993F26B1A85500779A17 /* Main.storyboard in Resources */,
			);
			runOnlyForDeploymentPostprocessing = 0;
		};
		21A1994B26B1A85F00779A17 /* Resources */ = {
			isa = PBXResourcesBuildPhase;
			buildActionMask = 2147483647;
			files = (
			);
			runOnlyForDeploymentPostprocessing = 0;
		};
		21A1995626B1A85F00779A17 /* Resources */ = {
			isa = PBXResourcesBuildPhase;
			buildActionMask = 2147483647;
			files = (
			);
			runOnlyForDeploymentPostprocessing = 0;
		};
/* End PBXResourcesBuildPhase section */

/* Begin PBXSourcesBuildPhase section */
		21A1993026B1A85500779A17 /* Sources */ = {
			isa = PBXSourcesBuildPhase;
			buildActionMask = 2147483647;
			files = (
				21A1993C26B1A85500779A17 /* ViewController.swift in Sources */,
				21A1994226B1A85500779A17 /* StoryBoardObjectLibrary.xcdatamodeld in Sources */,
				21A1993826B1A85500779A17 /* AppDelegate.swift in Sources */,
				21A1993A26B1A85500779A17 /* SceneDelegate.swift in Sources */,
			);
			runOnlyForDeploymentPostprocessing = 0;
		};
		21A1994926B1A85F00779A17 /* Sources */ = {
			isa = PBXSourcesBuildPhase;
			buildActionMask = 2147483647;
			files = (
				21A1995226B1A85F00779A17 /* StoryBoardObjectLibraryTests.swift in Sources */,
			);
			runOnlyForDeploymentPostprocessing = 0;
		};
		21A1995426B1A85F00779A17 /* Sources */ = {
			isa = PBXSourcesBuildPhase;
			buildActionMask = 2147483647;
			files = (
				21A1995D26B1A85F00779A17 /* StoryBoardObjectLibraryUITests.swift in Sources */,
			);
			runOnlyForDeploymentPostprocessing = 0;
		};
/* End PBXSourcesBuildPhase section */

/* Begin PBXTargetDependency section */
		21A1994F26B1A85F00779A17 /* PBXTargetDependency */ = {
			isa = PBXTargetDependency;
			target = 21A1993326B1A85500779A17 /* StoryBoardObjectLibrary */;
			targetProxy = 21A1994E26B1A85F00779A17 /* PBXContainerItemProxy */;
		};
		21A1995A26B1A85F00779A17 /* PBXTargetDependency */ = {
			isa = PBXTargetDependency;
			target = 21A1993326B1A85500779A17 /* StoryBoardObjectLibrary */;
			targetProxy = 21A1995926B1A85F00779A17 /* PBXContainerItemProxy */;
		};
/* End PBXTargetDependency section */

/* Begin PBXVariantGroup section */
		21A1993D26B1A85500779A17 /* Main.storyboard */ = {
			isa = PBXVariantGroup;
			children = (
				21A1993E26B1A85500779A17 /* Base */,
			);
			name = Main.storyboard;
			sourceTree = "<group>";
		};
		21A1994526B1A85F00779A17 /* LaunchScreen.storyboard */ = {
			isa = PBXVariantGroup;
			children = (
				21A1994626B1A85F00779A17 /* Base */,
			);
			name = LaunchScreen.storyboard;
			sourceTree = "<group>";
		};
/* End PBXVariantGroup section */

/* Begin XCBuildConfiguration section */
		21A1995F26B1A85F00779A17 /* Debug */ = {
			isa = XCBuildConfiguration;
			buildSettings = {
				ALWAYS_SEARCH_USER_PATHS = NO;
				CLANG_ANALYZER_NONNULL = YES;
				CLANG_ANALYZER_NUMBER_OBJECT_CONVERSION = YES_AGGRESSIVE;
				CLANG_CXX_LANGUAGE_STANDARD = "gnu++14";
				CLANG_CXX_LIBRARY = "libc++";
				CLANG_ENABLE_MODULES = YES;
				CLANG_ENABLE_OBJC_ARC = YES;
				CLANG_ENABLE_OBJC_WEAK = YES;
				CLANG_WARN_BLOCK_CAPTURE_AUTORELEASING = YES;
				CLANG_WARN_BOOL_CONVERSION = YES;
				CLANG_WARN_COMMA = YES;
				CLANG_WARN_CONSTANT_CONVERSION = YES;
				CLANG_WARN_DEPRECATED_OBJC_IMPLEMENTATIONS = YES;
				CLANG_WARN_DIRECT_OBJC_ISA_USAGE = YES_ERROR;
				CLANG_WARN_DOCUMENTATION_COMMENTS = YES;
				CLANG_WARN_EMPTY_BODY = YES;
				CLANG_WARN_ENUM_CONVERSION = YES;
				CLANG_WARN_INFINITE_RECURSION = YES;
				CLANG_WARN_INT_CONVERSION = YES;
				CLANG_WARN_NON_LITERAL_NULL_CONVERSION = YES;
				CLANG_WARN_OBJC_IMPLICIT_RETAIN_SELF = YES;
				CLANG_WARN_OBJC_LITERAL_CONVERSION = YES;
				CLANG_WARN_OBJC_ROOT_CLASS = YES_ERROR;
				CLANG_WARN_QUOTED_INCLUDE_IN_FRAMEWORK_HEADER = YES;
				CLANG_WARN_RANGE_LOOP_ANALYSIS = YES;
				CLANG_WARN_STRICT_PROTOTYPES = YES;
				CLANG_WARN_SUSPICIOUS_MOVE = YES;
				CLANG_WARN_UNGUARDED_AVAILABILITY = YES_AGGRESSIVE;
				CLANG_WARN_UNREACHABLE_CODE = YES;
				CLANG_WARN__DUPLICATE_METHOD_MATCH = YES;
				COPY_PHASE_STRIP = NO;
				DEBUG_INFORMATION_FORMAT = dwarf;
				ENABLE_STRICT_OBJC_MSGSEND = YES;
				ENABLE_TESTABILITY = YES;
				GCC_C_LANGUAGE_STANDARD = gnu11;
				GCC_DYNAMIC_NO_PIC = NO;
				GCC_NO_COMMON_BLOCKS = YES;
				GCC_OPTIMIZATION_LEVEL = 0;
				GCC_PREPROCESSOR_DEFINITIONS = (
					"DEBUG=1",
					"$(inherited)",
				);
				GCC_WARN_64_TO_32_BIT_CONVERSION = YES;
				GCC_WARN_ABOUT_RETURN_TYPE = YES_ERROR;
				GCC_WARN_UNDECLARED_SELECTOR = YES;
				GCC_WARN_UNINITIALIZED_AUTOS = YES_AGGRESSIVE;
				GCC_WARN_UNUSED_FUNCTION = YES;
				GCC_WARN_UNUSED_VARIABLE = YES;
				IPHONEOS_DEPLOYMENT_TARGET = 14.4;
				MTL_ENABLE_DEBUG_INFO = INCLUDE_SOURCE;
				MTL_FAST_MATH = YES;
				ONLY_ACTIVE_ARCH = YES;
				SDKROOT = iphoneos;
				SWIFT_ACTIVE_COMPILATION_CONDITIONS = DEBUG;
				SWIFT_OPTIMIZATION_LEVEL = "-Onone";
			};
			name = Debug;
		};
		21A1996026B1A85F00779A17 /* Release */ = {
			isa = XCBuildConfiguration;
			buildSettings = {
				ALWAYS_SEARCH_USER_PATHS = NO;
				CLANG_ANALYZER_NONNULL = YES;
				CLANG_ANALYZER_NUMBER_OBJECT_CONVERSION = YES_AGGRESSIVE;
				CLANG_CXX_LANGUAGE_STANDARD = "gnu++14";
				CLANG_CXX_LIBRARY = "libc++";
				CLANG_ENABLE_MODULES = YES;
				CLANG_ENABLE_OBJC_ARC = YES;
				CLANG_ENABLE_OBJC_WEAK = YES;
				CLANG_WARN_BLOCK_CAPTURE_AUTORELEASING = YES;
				CLANG_WARN_BOOL_CONVERSION = YES;
				CLANG_WARN_COMMA = YES;
				CLANG_WARN_CONSTANT_CONVERSION = YES;
				CLANG_WARN_DEPRECATED_OBJC_IMPLEMENTATIONS = YES;
				CLANG_WARN_DIRECT_OBJC_ISA_USAGE = YES_ERROR;
				CLANG_WARN_DOCUMENTATION_COMMENTS = YES;
				CLANG_WARN_EMPTY_BODY = YES;
				CLANG_WARN_ENUM_CONVERSION = YES;
				CLANG_WARN_INFINITE_RECURSION = YES;
				CLANG_WARN_INT_CONVERSION = YES;
				CLANG_WARN_NON_LITERAL_NULL_CONVERSION = YES;
				CLANG_WARN_OBJC_IMPLICIT_RETAIN_SELF = YES;
				CLANG_WARN_OBJC_LITERAL_CONVERSION = YES;
				CLANG_WARN_OBJC_ROOT_CLASS = YES_ERROR;
				CLANG_WARN_QUOTED_INCLUDE_IN_FRAMEWORK_HEADER = YES;
				CLANG_WARN_RANGE_LOOP_ANALYSIS = YES;
				CLANG_WARN_STRICT_PROTOTYPES = YES;
				CLANG_WARN_SUSPICIOUS_MOVE = YES;
				CLANG_WARN_UNGUARDED_AVAILABILITY = YES_AGGRESSIVE;
				CLANG_WARN_UNREACHABLE_CODE = YES;
				CLANG_WARN__DUPLICATE_METHOD_MATCH = YES;
				COPY_PHASE_STRIP = NO;
				DEBUG_INFORMATION_FORMAT = "dwarf-with-dsym";
				ENABLE_NS_ASSERTIONS = NO;
				ENABLE_STRICT_OBJC_MSGSEND = YES;
				GCC_C_LANGUAGE_STANDARD = gnu11;
				GCC_NO_COMMON_BLOCKS = YES;
				GCC_WARN_64_TO_32_BIT_CONVERSION = YES;
				GCC_WARN_ABOUT_RETURN_TYPE = YES_ERROR;
				GCC_WARN_UNDECLARED_SELECTOR = YES;
				GCC_WARN_UNINITIALIZED_AUTOS = YES_AGGRESSIVE;
				GCC_WARN_UNUSED_FUNCTION = YES;
				GCC_WARN_UNUSED_VARIABLE = YES;
				IPHONEOS_DEPLOYMENT_TARGET = 14.4;
				MTL_ENABLE_DEBUG_INFO = NO;
				MTL_FAST_MATH = YES;
				SDKROOT = iphoneos;
				SWIFT_COMPILATION_MODE = wholemodule;
				SWIFT_OPTIMIZATION_LEVEL = "-O";
				VALIDATE_PRODUCT = YES;
			};
			name = Release;
		};
		21A1996226B1A85F00779A17 /* Debug */ = {
			isa = XCBuildConfiguration;
			buildSettings = {
				ASSETCATALOG_COMPILER_APPICON_NAME = AppIcon;
				ASSETCATALOG_COMPILER_GLOBAL_ACCENT_COLOR_NAME = AccentColor;
				CODE_SIGN_STYLE = Automatic;
				INFOPLIST_FILE = StoryBoardObjectLibrary/Info.plist;
				LD_RUNPATH_SEARCH_PATHS = (
					"$(inherited)",
					"@executable_path/Frameworks",
				);
				PRODUCT_BUNDLE_IDENTIFIER = tiff.StoryBoardObjectLibrary;
				PRODUCT_NAME = "$(TARGET_NAME)";
				SWIFT_VERSION = 5.0;
				TARGETED_DEVICE_FAMILY = "1,2";
			};
			name = Debug;
		};
		21A1996326B1A85F00779A17 /* Release */ = {
			isa = XCBuildConfiguration;
			buildSettings = {
				ASSETCATALOG_COMPILER_APPICON_NAME = AppIcon;
				ASSETCATALOG_COMPILER_GLOBAL_ACCENT_COLOR_NAME = AccentColor;
				CODE_SIGN_STYLE = Automatic;
				INFOPLIST_FILE = StoryBoardObjectLibrary/Info.plist;
				LD_RUNPATH_SEARCH_PATHS = (
					"$(inherited)",
					"@executable_path/Frameworks",
				);
				PRODUCT_BUNDLE_IDENTIFIER = tiff.StoryBoardObjectLibrary;
				PRODUCT_NAME = "$(TARGET_NAME)";
				SWIFT_VERSION = 5.0;
				TARGETED_DEVICE_FAMILY = "1,2";
			};
			name = Release;
		};
		21A1996526B1A85F00779A17 /* Debug */ = {
			isa = XCBuildConfiguration;
			buildSettings = {
				ALWAYS_EMBED_SWIFT_STANDARD_LIBRARIES = YES;
				BUNDLE_LOADER = "$(TEST_HOST)";
				CODE_SIGN_STYLE = Automatic;
				INFOPLIST_FILE = StoryBoardObjectLibraryTests/Info.plist;
				IPHONEOS_DEPLOYMENT_TARGET = 14.4;
				LD_RUNPATH_SEARCH_PATHS = (
					"$(inherited)",
					"@executable_path/Frameworks",
					"@loader_path/Frameworks",
				);
				PRODUCT_BUNDLE_IDENTIFIER = tiff.StoryBoardObjectLibraryTests;
				PRODUCT_NAME = "$(TARGET_NAME)";
				SWIFT_VERSION = 5.0;
				TARGETED_DEVICE_FAMILY = "1,2";
				TEST_HOST = "$(BUILT_PRODUCTS_DIR)/StoryBoardObjectLibrary.app/StoryBoardObjectLibrary";
			};
			name = Debug;
		};
		21A1996626B1A85F00779A17 /* Release */ = {
			isa = XCBuildConfiguration;
			buildSettings = {
				ALWAYS_EMBED_SWIFT_STANDARD_LIBRARIES = YES;
				BUNDLE_LOADER = "$(TEST_HOST)";
				CODE_SIGN_STYLE = Automatic;
				INFOPLIST_FILE = StoryBoardObjectLibraryTests/Info.plist;
				IPHONEOS_DEPLOYMENT_TARGET = 14.4;
				LD_RUNPATH_SEARCH_PATHS = (
					"$(inherited)",
					"@executable_path/Frameworks",
					"@loader_path/Frameworks",
				);
				PRODUCT_BUNDLE_IDENTIFIER = tiff.StoryBoardObjectLibraryTests;
				PRODUCT_NAME = "$(TARGET_NAME)";
				SWIFT_VERSION = 5.0;
				TARGETED_DEVICE_FAMILY = "1,2";
				TEST_HOST = "$(BUILT_PRODUCTS_DIR)/StoryBoardObjectLibrary.app/StoryBoardObjectLibrary";
			};
			name = Release;
		};
		21A1996826B1A85F00779A17 /* Debug */ = {
			isa = XCBuildConfiguration;
			buildSettings = {
				ALWAYS_EMBED_SWIFT_STANDARD_LIBRARIES = YES;
				CODE_SIGN_STYLE = Automatic;
				INFOPLIST_FILE = StoryBoardObjectLibraryUITests/Info.plist;
				LD_RUNPATH_SEARCH_PATHS = (
					"$(inherited)",
					"@executable_path/Frameworks",
					"@loader_path/Frameworks",
				);
				PRODUCT_BUNDLE_IDENTIFIER = tiff.StoryBoardObjectLibraryUITests;
				PRODUCT_NAME = "$(TARGET_NAME)";
				SWIFT_VERSION = 5.0;
				TARGETED_DEVICE_FAMILY = "1,2";
				TEST_TARGET_NAME = StoryBoardObjectLibrary;
			};
			name = Debug;
		};
		21A1996926B1A85F00779A17 /* Release */ = {
			isa = XCBuildConfiguration;
			buildSettings = {
				ALWAYS_EMBED_SWIFT_STANDARD_LIBRARIES = YES;
				CODE_SIGN_STYLE = Automatic;
				INFOPLIST_FILE = StoryBoardObjectLibraryUITests/Info.plist;
				LD_RUNPATH_SEARCH_PATHS = (
					"$(inherited)",
					"@executable_path/Frameworks",
					"@loader_path/Frameworks",
				);
				PRODUCT_BUNDLE_IDENTIFIER = tiff.StoryBoardObjectLibraryUITests;
				PRODUCT_NAME = "$(TARGET_NAME)";
				SWIFT_VERSION = 5.0;
				TARGETED_DEVICE_FAMILY = "1,2";
				TEST_TARGET_NAME = StoryBoardObjectLibrary;
			};
			name = Release;
		};
/* End XCBuildConfiguration section */

/* Begin XCConfigurationList section */
		21A1992F26B1A85500779A17 /* Build configuration list for PBXProject "StoryBoardObjectLibrary" */ = {
			isa = XCConfigurationList;
			buildConfigurations = (
				21A1995F26B1A85F00779A17 /* Debug */,
				21A1996026B1A85F00779A17 /* Release */,
			);
			defaultConfigurationIsVisible = 0;
			defaultConfigurationName = Release;
		};
		21A1996126B1A85F00779A17 /* Build configuration list for PBXNativeTarget "StoryBoardObjectLibrary" */ = {
			isa = XCConfigurationList;
			buildConfigurations = (
				21A1996226B1A85F00779A17 /* Debug */,
				21A1996326B1A85F00779A17 /* Release */,
			);
			defaultConfigurationIsVisible = 0;
			defaultConfigurationName = Release;
		};
		21A1996426B1A85F00779A17 /* Build configuration list for PBXNativeTarget "StoryBoardObjectLibraryTests" */ = {
			isa = XCConfigurationList;
			buildConfigurations = (
				21A1996526B1A85F00779A17 /* Debug */,
				21A1996626B1A85F00779A17 /* Release */,
			);
			defaultConfigurationIsVisible = 0;
			defaultConfigurationName = Release;
		};
		21A1996726B1A85F00779A17 /* Build configuration list for PBXNativeTarget "StoryBoardObjectLibraryUITests" */ = {
			isa = XCConfigurationList;
			buildConfigurations = (
				21A1996826B1A85F00779A17 /* Debug */,
				21A1996926B1A85F00779A17 /* Release */,
			);
			defaultConfigurationIsVisible = 0;
			defaultConfigurationName = Release;
		};
/* End XCConfigurationList section */

/* Begin XCVersionGroup section */
		21A1994026B1A85500779A17 /* StoryBoardObjectLibrary.xcdatamodeld */ = {
			isa = XCVersionGroup;
			children = (
				21A1994126B1A85500779A17 /* StoryBoardObjectLibrary.xcdatamodel */,
			);
			currentVersion = 21A1994126B1A85500779A17 /* StoryBoardObjectLibrary.xcdatamodel */;
			path = StoryBoardObjectLibrary.xcdatamodeld;
			sourceTree = "<group>";
			versionGroupType = wrapper.xcdatamodel;
		};
/* End XCVersionGroup section */
	};
	rootObject = 21A1992C26B1A85500779A17 /* Project object */;
}
